
Microsoft Visual Studio Solution File, Format Version 12.00
# Visual Studio Version 16
VisualStudioVersion = 16.0.31613.86
MinimumVisualStudioVersion = 10.0.40219.1
Project("{9A19103F-16F7-4668-BE54-9A1E7A4F7556}") = "GestionProductos.Domain", "GestionProductos.Domain\GestionProductos.Domain.csproj", "{B2212934-5EDE-43C1-9DC5-D7682BCEE4DD}"
EndProject
Project("{9A19103F-16F7-4668-BE54-9A1E7A4F7556}") = "GestionProductos.Infraestructure", "GestionProductos.Infraestructure\GestionProductos.Infraestructure.csproj", "{7EF7A13D-9343-4D5C-9854-F112CC1D1F96}"
EndProject
Project("{FAE04EC0-301F-11D3-BF4B-00C04F79EFBC}") = "GestionProductos.Api", "GestionProductos.Api\GestionProductos.Api.csproj", "{F2116598-1AD9-42E0-ABD1-C33FDC7D2B3B}"
EndProject
Global
	GlobalSection(SolutionConfigurationPlatforms) = preSolution
		Debug|Any CPU = Debug|Any CPU
		Release|Any CPU = Release|Any CPU
	EndGlobalSection
	GlobalSection(ProjectConfigurationPlatforms) = postSolution
		{B2212934-5EDE-43C1-9DC5-D7682BCEE4DD}.Debug|Any CPU.ActiveCfg = Debug|Any CPU
		{B2212934-5EDE-43C1-9DC5-D7682BCEE4DD}.Debug|Any CPU.Build.0 = Debug|Any CPU
		{B2212934-5EDE-43C1-9DC5-D7682BCEE4DD}.Release|Any CPU.ActiveCfg = Release|Any CPU
		{B2212934-5EDE-43C1-9DC5-D7682BCEE4DD}.Release|Any CPU.Build.0 = Release|Any CPU
		{7EF7A13D-9343-4D5C-9854-F112CC1D1F96}.Debug|Any CPU.ActiveCfg = Debug|Any CPU
		{7EF7A13D-9343-4D5C-9854-F112CC1D1F96}.Debug|Any CPU.Build.0 = Debug|Any CPU
		{7EF7A13D-9343-4D5C-9854-F112CC1D1F96}.Release|Any CPU.ActiveCfg = Release|Any CPU
		{7EF7A13D-9343-4D5C-9854-F112CC1D1F96}.Release|Any CPU.Build.0 = Release|Any CPU
		{F2116598-1AD9-42E0-ABD1-C33FDC7D2B3B}.Debug|Any CPU.ActiveCfg = Debug|Any CPU
		{F2116598-1AD9-42E0-ABD1-C33FDC7D2B3B}.Debug|Any CPU.Build.0 = Debug|Any CPU
		{F2116598-1AD9-42E0-ABD1-C33FDC7D2B3B}.Release|Any CPU.ActiveCfg = Release|Any CPU
		{F2116598-1AD9-42E0-ABD1-C33FDC7D2B3B}.Release|Any CPU.Build.0 = Release|Any CPU
	EndGlobalSection
	GlobalSection(SolutionProperties) = preSolution
		HideSolutionNode = FALSE
	EndGlobalSection
	GlobalSection(ExtensibilityGlobals) = postSolution
		SolutionGuid = {37EA4097-2335-4994-9EDB-54A71814E49C}
	EndGlobalSection
EndGlobal
